
Microsoft Visual Studio Solution File, Format Version 12.00
# Visual Studio Version 16
VisualStudioVersion = 16.0.31129.286
MinimumVisualStudioVersion = 10.0.40219.1
Project("{FAE04EC0-301F-11D3-BF4B-00C04F79EFBC}") = "prueba5", "prueba5\prueba5.csproj", "{11857CA7-C1CC-4163-9016-BD976DEAC816}"
EndProject
Global
	GlobalSection(SolutionConfigurationPlatforms) = preSolution
		Debug|Any CPU = Debug|Any CPU
		Release|Any CPU = Release|Any CPU
	EndGlobalSection
	GlobalSection(ProjectConfigurationPlatforms) = postSolution
		{11857CA7-C1CC-4163-9016-BD976DEAC816}.Debug|Any CPU.ActiveCfg = Debug|Any CPU
		{11857CA7-C1CC-4163-9016-BD976DEAC816}.Debug|Any CPU.Build.0 = Debug|Any CPU
		{11857CA7-C1CC-4163-9016-BD976DEAC816}.Release|Any CPU.ActiveCfg = Release|Any CPU
		{11857CA7-C1CC-4163-9016-BD976DEAC816}.Release|Any CPU.Build.0 = Release|Any CPU
	EndGlobalSection
	GlobalSection(SolutionProperties) = preSolution
		HideSolutionNode = FALSE
	EndGlobalSection
	GlobalSection(ExtensibilityGlobals) = postSolution
		SolutionGuid = {C61916DD-D51E-43AA-8305-D9A6C35DCA19}
	EndGlobalSection
EndGlobal
